
Microsoft Visual Studio Solution File, Format Version 12.00
# Visual Studio Version 17
VisualStudioVersion = 17.6.33617.297
MinimumVisualStudioVersion = 10.0.40219.1
Project("{2150E333-8FDC-42A3-9474-1A3956D46DE8}") = "Common", "Common", "{EBBE0608-38A7-44FF-B290-244F6C7D4033}"
EndProject
Project("{2150E333-8FDC-42A3-9474-1A3956D46DE8}") = "Rooms", "Rooms", "{FEC2250E-636D-443C-B957-6D6E48F76F6E}"
EndProject
Project("{9A19103F-16F7-4668-BE54-9A1E7A4F7556}") = "RoomBookings.Rooms.Api", "Rooms\RoomBookings.Rooms.Api\RoomBookings.Rooms.Api.csproj", "{F68DCFF1-654B-4B96-A1D9-830A6C3B5FF0}"
EndProject
Project("{9A19103F-16F7-4668-BE54-9A1E7A4F7556}") = "RoomBookings.Rooms.Domain", "Rooms\RoomBookings.Rooms.Domain\RoomBookings.Rooms.Domain.csproj", "{6F1A59DE-BB28-4DAD-8E36-A7423674F658}"
EndProject
Project("{9A19103F-16F7-4668-BE54-9A1E7A4F7556}") = "RoomBookings.Rooms.Application", "Rooms\RoomBookings.Rooms.Application\RoomBookings.Rooms.Application.csproj", "{F84708A4-5813-4FA2-819E-FBB233E389A1}"
EndProject
Project("{2150E333-8FDC-42A3-9474-1A3956D46DE8}") = "Tests", "Tests", "{809CC2B6-A679-4C7A-A09A-1BD80F45EE3C}"
EndProject
Project("{9A19103F-16F7-4668-BE54-9A1E7A4F7556}") = "RoomBookings.Rooms.Queries", "Rooms\RoomBookings.Rooms.Queries\RoomBookings.Rooms.Queries.csproj", "{82BF2942-5AAE-411F-BB70-411B053E2CB5}"
EndProject
Project("{2150E333-8FDC-42A3-9474-1A3956D46DE8}") = "Core", "Core", "{24746862-2C35-4BF6-9AC2-E6C6C3EE831A}"
EndProject
Project("{2150E333-8FDC-42A3-9474-1A3956D46DE8}") = "Infrastructure", "Infrastructure", "{39D64177-E245-40CA-8AC0-0B2EB9FE8D9C}"
EndProject
Project("{2150E333-8FDC-42A3-9474-1A3956D46DE8}") = "Interface", "Interface", "{9B06B51A-6896-4916-A372-4AE5DF43533D}"
EndProject
Project("{9A19103F-16F7-4668-BE54-9A1E7A4F7556}") = "RoomBookings.Rooms.SqlServer", "Rooms\RoomBookings.Rooms.SqlServer\RoomBookings.Rooms.SqlServer.csproj", "{12E40ACF-3CAE-4CA1-A1C2-18379EF7E047}"
EndProject
Project("{9A19103F-16F7-4668-BE54-9A1E7A4F7556}") = "RoomBookings.Rooms.Api.FunctionalTests", "Rooms\RoomBookings.Rooms.Api.FunctionalTests\RoomBookings.Rooms.Api.FunctionalTests.csproj", "{AE6D257C-E4A8-4B44-A4A9-682CEC91771F}"
EndProject
Project("{9A19103F-16F7-4668-BE54-9A1E7A4F7556}") = "RoomBookings.Common.AspNetCore", "Common\RoomBookings.Common.AspNetCore\RoomBookings.Common.AspNetCore.csproj", "{4C5BE4C6-86B0-4DB9-A1D1-DCD3A3CB2073}"
EndProject
Global
	GlobalSection(SolutionConfigurationPlatforms) = preSolution
		Debug|Any CPU = Debug|Any CPU
		Release|Any CPU = Release|Any CPU
	EndGlobalSection
	GlobalSection(ProjectConfigurationPlatforms) = postSolution
		{F68DCFF1-654B-4B96-A1D9-830A6C3B5FF0}.Debug|Any CPU.ActiveCfg = Debug|Any CPU
		{F68DCFF1-654B-4B96-A1D9-830A6C3B5FF0}.Debug|Any CPU.Build.0 = Debug|Any CPU
		{F68DCFF1-654B-4B96-A1D9-830A6C3B5FF0}.Release|Any CPU.ActiveCfg = Release|Any CPU
		{F68DCFF1-654B-4B96-A1D9-830A6C3B5FF0}.Release|Any CPU.Build.0 = Release|Any CPU
		{6F1A59DE-BB28-4DAD-8E36-A7423674F658}.Debug|Any CPU.ActiveCfg = Debug|Any CPU
		{6F1A59DE-BB28-4DAD-8E36-A7423674F658}.Debug|Any CPU.Build.0 = Debug|Any CPU
		{6F1A59DE-BB28-4DAD-8E36-A7423674F658}.Release|Any CPU.ActiveCfg = Release|Any CPU
		{6F1A59DE-BB28-4DAD-8E36-A7423674F658}.Release|Any CPU.Build.0 = Release|Any CPU
		{F84708A4-5813-4FA2-819E-FBB233E389A1}.Debug|Any CPU.ActiveCfg = Debug|Any CPU
		{F84708A4-5813-4FA2-819E-FBB233E389A1}.Debug|Any CPU.Build.0 = Debug|Any CPU
		{F84708A4-5813-4FA2-819E-FBB233E389A1}.Release|Any CPU.ActiveCfg = Release|Any CPU
		{F84708A4-5813-4FA2-819E-FBB233E389A1}.Release|Any CPU.Build.0 = Release|Any CPU
		{82BF2942-5AAE-411F-BB70-411B053E2CB5}.Debug|Any CPU.ActiveCfg = Debug|Any CPU
		{82BF2942-5AAE-411F-BB70-411B053E2CB5}.Debug|Any CPU.Build.0 = Debug|Any CPU
		{82BF2942-5AAE-411F-BB70-411B053E2CB5}.Release|Any CPU.ActiveCfg = Release|Any CPU
		{82BF2942-5AAE-411F-BB70-411B053E2CB5}.Release|Any CPU.Build.0 = Release|Any CPU
		{12E40ACF-3CAE-4CA1-A1C2-18379EF7E047}.Debug|Any CPU.ActiveCfg = Debug|Any CPU
		{12E40ACF-3CAE-4CA1-A1C2-18379EF7E047}.Debug|Any CPU.Build.0 = Debug|Any CPU
		{12E40ACF-3CAE-4CA1-A1C2-18379EF7E047}.Release|Any CPU.ActiveCfg = Release|Any CPU
		{12E40ACF-3CAE-4CA1-A1C2-18379EF7E047}.Release|Any CPU.Build.0 = Release|Any CPU
		{AE6D257C-E4A8-4B44-A4A9-682CEC91771F}.Debug|Any CPU.ActiveCfg = Debug|Any CPU
		{AE6D257C-E4A8-4B44-A4A9-682CEC91771F}.Debug|Any CPU.Build.0 = Debug|Any CPU
		{AE6D257C-E4A8-4B44-A4A9-682CEC91771F}.Release|Any CPU.ActiveCfg = Release|Any CPU
		{AE6D257C-E4A8-4B44-A4A9-682CEC91771F}.Release|Any CPU.Build.0 = Release|Any CPU
		{4C5BE4C6-86B0-4DB9-A1D1-DCD3A3CB2073}.Debug|Any CPU.ActiveCfg = Debug|Any CPU
		{4C5BE4C6-86B0-4DB9-A1D1-DCD3A3CB2073}.Debug|Any CPU.Build.0 = Debug|Any CPU
		{4C5BE4C6-86B0-4DB9-A1D1-DCD3A3CB2073}.Release|Any CPU.ActiveCfg = Release|Any CPU
		{4C5BE4C6-86B0-4DB9-A1D1-DCD3A3CB2073}.Release|Any CPU.Build.0 = Release|Any CPU
	EndGlobalSection
	GlobalSection(SolutionProperties) = preSolution
		HideSolutionNode = FALSE
	EndGlobalSection
	GlobalSection(NestedProjects) = preSolution
		{F68DCFF1-654B-4B96-A1D9-830A6C3B5FF0} = {9B06B51A-6896-4916-A372-4AE5DF43533D}
		{6F1A59DE-BB28-4DAD-8E36-A7423674F658} = {24746862-2C35-4BF6-9AC2-E6C6C3EE831A}
		{F84708A4-5813-4FA2-819E-FBB233E389A1} = {24746862-2C35-4BF6-9AC2-E6C6C3EE831A}
		{809CC2B6-A679-4C7A-A09A-1BD80F45EE3C} = {FEC2250E-636D-443C-B957-6D6E48F76F6E}
		{82BF2942-5AAE-411F-BB70-411B053E2CB5} = {24746862-2C35-4BF6-9AC2-E6C6C3EE831A}
		{24746862-2C35-4BF6-9AC2-E6C6C3EE831A} = {FEC2250E-636D-443C-B957-6D6E48F76F6E}
		{39D64177-E245-40CA-8AC0-0B2EB9FE8D9C} = {FEC2250E-636D-443C-B957-6D6E48F76F6E}
		{9B06B51A-6896-4916-A372-4AE5DF43533D} = {FEC2250E-636D-443C-B957-6D6E48F76F6E}
		{12E40ACF-3CAE-4CA1-A1C2-18379EF7E047} = {39D64177-E245-40CA-8AC0-0B2EB9FE8D9C}
		{AE6D257C-E4A8-4B44-A4A9-682CEC91771F} = {809CC2B6-A679-4C7A-A09A-1BD80F45EE3C}
		{4C5BE4C6-86B0-4DB9-A1D1-DCD3A3CB2073} = {EBBE0608-38A7-44FF-B290-244F6C7D4033}
	EndGlobalSection
	GlobalSection(ExtensibilityGlobals) = postSolution
		SolutionGuid = {D3B76A9E-4D80-4A97-8367-473AA20065D5}
	EndGlobalSection
EndGlobal
